
Microsoft Visual Studio Solution File, Format Version 12.00
# Visual Studio Version 16
VisualStudioVersion = 16.0.31205.134
MinimumVisualStudioVersion = 10.0.40219.1
Project("{FAE04EC0-301F-11D3-BF4B-00C04F79EFBC}") = "DIPLOM", "DIPLOM\DIPLOM.csproj", "{CF32DDD7-01E8-41B1-952B-445A201AB906}"
EndProject
Global
	GlobalSection(SolutionConfigurationPlatforms) = preSolution
		Debug|Any CPU = Debug|Any CPU
		Release|Any CPU = Release|Any CPU
	EndGlobalSection
	GlobalSection(ProjectConfigurationPlatforms) = postSolution
		{CF32DDD7-01E8-41B1-952B-445A201AB906}.Debug|Any CPU.ActiveCfg = Debug|Any CPU
		{CF32DDD7-01E8-41B1-952B-445A201AB906}.Debug|Any CPU.Build.0 = Debug|Any CPU
		{CF32DDD7-01E8-41B1-952B-445A201AB906}.Release|Any CPU.ActiveCfg = Release|Any CPU
		{CF32DDD7-01E8-41B1-952B-445A201AB906}.Release|Any CPU.Build.0 = Release|Any CPU
	EndGlobalSection
	GlobalSection(SolutionProperties) = preSolution
		HideSolutionNode = FALSE
	EndGlobalSection
	GlobalSection(ExtensibilityGlobals) = postSolution
		SolutionGuid = {8F428087-AF39-4713-A5B9-A04B57A69675}
	EndGlobalSection
EndGlobal
